
Microsoft Visual Studio Solution File, Format Version 12.00
# Visual Studio Version 17
VisualStudioVersion = 17.13.35931.197
MinimumVisualStudioVersion = 10.0.40219.1
Project("{FAE04EC0-301F-11D3-BF4B-00C04F79EFBC}") = "Shop.DAL", "Shop.DAL\Shop.DAL.csproj", "{451C289D-1814-4F85-A53B-BE5D3AAE0352}"
EndProject
Project("{FAE04EC0-301F-11D3-BF4B-00C04F79EFBC}") = "Shop.BLL", "Shop.BLL\Shop.BLL.csproj", "{5FCDBFBA-8ED0-4D88-BC6B-A1395B102FCC}"
EndProject
Project("{FAE04EC0-301F-11D3-BF4B-00C04F79EFBC}") = "Shop.WEB.PL", "Shop.WEB.PL\Shop.WEB.PL.csproj", "{3BEDA2E4-2293-4C9D-A6F5-589FE0AD0C33}"
EndProject
Global
	GlobalSection(SolutionConfigurationPlatforms) = preSolution
		Debug|Any CPU = Debug|Any CPU
		Release|Any CPU = Release|Any CPU
	EndGlobalSection
	GlobalSection(ProjectConfigurationPlatforms) = postSolution
		{451C289D-1814-4F85-A53B-BE5D3AAE0352}.Debug|Any CPU.ActiveCfg = Debug|Any CPU
		{451C289D-1814-4F85-A53B-BE5D3AAE0352}.Debug|Any CPU.Build.0 = Debug|Any CPU
		{451C289D-1814-4F85-A53B-BE5D3AAE0352}.Release|Any CPU.ActiveCfg = Release|Any CPU
		{451C289D-1814-4F85-A53B-BE5D3AAE0352}.Release|Any CPU.Build.0 = Release|Any CPU
		{5FCDBFBA-8ED0-4D88-BC6B-A1395B102FCC}.Debug|Any CPU.ActiveCfg = Debug|Any CPU
		{5FCDBFBA-8ED0-4D88-BC6B-A1395B102FCC}.Debug|Any CPU.Build.0 = Debug|Any CPU
		{5FCDBFBA-8ED0-4D88-BC6B-A1395B102FCC}.Release|Any CPU.ActiveCfg = Release|Any CPU
		{5FCDBFBA-8ED0-4D88-BC6B-A1395B102FCC}.Release|Any CPU.Build.0 = Release|Any CPU
		{3BEDA2E4-2293-4C9D-A6F5-589FE0AD0C33}.Debug|Any CPU.ActiveCfg = Debug|Any CPU
		{3BEDA2E4-2293-4C9D-A6F5-589FE0AD0C33}.Debug|Any CPU.Build.0 = Debug|Any CPU
		{3BEDA2E4-2293-4C9D-A6F5-589FE0AD0C33}.Release|Any CPU.ActiveCfg = Release|Any CPU
		{3BEDA2E4-2293-4C9D-A6F5-589FE0AD0C33}.Release|Any CPU.Build.0 = Release|Any CPU
	EndGlobalSection
	GlobalSection(SolutionProperties) = preSolution
		HideSolutionNode = FALSE
	EndGlobalSection
	GlobalSection(ExtensibilityGlobals) = postSolution
		SolutionGuid = {58D5BF24-8FB9-4836-8F60-ED9F2677DD97}
	EndGlobalSection
EndGlobal
